
Microsoft Visual Studio Solution File, Format Version 12.00
# Visual Studio Version 16
VisualStudioVersion = 16.0.30309.148
MinimumVisualStudioVersion = 10.0.40219.1
Project("{FAE04EC0-301F-11D3-BF4B-00C04F79EFBC}") = "ConsoleApp1", "ConsoleApp1\ConsoleApp1.csproj", "{F13092DF-9FCF-4F8C-B9EB-6868FFEDE5DE}"
EndProject
Global
	GlobalSection(SolutionConfigurationPlatforms) = preSolution
		Debug|Any CPU = Debug|Any CPU
		Release|Any CPU = Release|Any CPU
	EndGlobalSection
	GlobalSection(ProjectConfigurationPlatforms) = postSolution
		{F13092DF-9FCF-4F8C-B9EB-6868FFEDE5DE}.Debug|Any CPU.ActiveCfg = Debug|Any CPU
		{F13092DF-9FCF-4F8C-B9EB-6868FFEDE5DE}.Debug|Any CPU.Build.0 = Debug|Any CPU
		{F13092DF-9FCF-4F8C-B9EB-6868FFEDE5DE}.Release|Any CPU.ActiveCfg = Release|Any CPU
		{F13092DF-9FCF-4F8C-B9EB-6868FFEDE5DE}.Release|Any CPU.Build.0 = Release|Any CPU
	EndGlobalSection
	GlobalSection(SolutionProperties) = preSolution
		HideSolutionNode = FALSE
	EndGlobalSection
	GlobalSection(ExtensibilityGlobals) = postSolution
		SolutionGuid = {A18F095F-7944-4F2A-B3D5-5B8DF3E0FC13}
	EndGlobalSection
EndGlobal
